
Microsoft Visual Studio Solution File, Format Version 12.00
# Visual Studio Version 17
VisualStudioVersion = 17.4.33110.190
MinimumVisualStudioVersion = 10.0.40219.1
Project("{FAE04EC0-301F-11D3-BF4B-00C04F79EFBC}") = "WebApi", "WebApi\WebApi.csproj", "{C75065E6-D1B8-4300-9E32-3590B9FCCB47}"
EndProject
Project("{FAE04EC0-301F-11D3-BF4B-00C04F79EFBC}") = "WebApiTest", "WebApiTest\WebApiTest.csproj", "{27BC3C7D-AB83-4804-A7AE-1927595BF6A7}"
EndProject
Global
	GlobalSection(SolutionConfigurationPlatforms) = preSolution
		Debug|Any CPU = Debug|Any CPU
		Release|Any CPU = Release|Any CPU
	EndGlobalSection
	GlobalSection(ProjectConfigurationPlatforms) = postSolution
		{C75065E6-D1B8-4300-9E32-3590B9FCCB47}.Debug|Any CPU.ActiveCfg = Debug|Any CPU
		{C75065E6-D1B8-4300-9E32-3590B9FCCB47}.Debug|Any CPU.Build.0 = Debug|Any CPU
		{C75065E6-D1B8-4300-9E32-3590B9FCCB47}.Release|Any CPU.ActiveCfg = Release|Any CPU
		{C75065E6-D1B8-4300-9E32-3590B9FCCB47}.Release|Any CPU.Build.0 = Release|Any CPU
		{27BC3C7D-AB83-4804-A7AE-1927595BF6A7}.Debug|Any CPU.ActiveCfg = Debug|Any CPU
		{27BC3C7D-AB83-4804-A7AE-1927595BF6A7}.Debug|Any CPU.Build.0 = Debug|Any CPU
		{27BC3C7D-AB83-4804-A7AE-1927595BF6A7}.Release|Any CPU.ActiveCfg = Release|Any CPU
		{27BC3C7D-AB83-4804-A7AE-1927595BF6A7}.Release|Any CPU.Build.0 = Release|Any CPU
	EndGlobalSection
	GlobalSection(SolutionProperties) = preSolution
		HideSolutionNode = FALSE
	EndGlobalSection
	GlobalSection(ExtensibilityGlobals) = postSolution
		SolutionGuid = {A208F66B-E042-4300-8A03-273DC3222E56}
	EndGlobalSection
EndGlobal
